
Microsoft Visual Studio Solution File, Format Version 12.00
Project("{FAE04EC0-301F-11D3-BF4B-00C04F79EFBC}") = "ParseWiki", "ParseWiki\ParseWiki.csproj", "{7286985A-8A18-41C6-89C0-FD473A8696A8}"
EndProject
Project("{FAE04EC0-301F-11D3-BF4B-00C04F79EFBC}") = "ParseWikiTests", "ParseWikiTests\ParseWikiTests.csproj", "{9E6ADF6C-0909-4C4F-819C-4AB996DFAF1C}"
EndProject
Global
	GlobalSection(SolutionConfigurationPlatforms) = preSolution
		Debug|Any CPU = Debug|Any CPU
		Release|Any CPU = Release|Any CPU
	EndGlobalSection
	GlobalSection(ProjectConfigurationPlatforms) = postSolution
		{7286985A-8A18-41C6-89C0-FD473A8696A8}.Debug|Any CPU.ActiveCfg = Debug|Any CPU
		{7286985A-8A18-41C6-89C0-FD473A8696A8}.Debug|Any CPU.Build.0 = Debug|Any CPU
		{7286985A-8A18-41C6-89C0-FD473A8696A8}.Release|Any CPU.ActiveCfg = Release|Any CPU
		{7286985A-8A18-41C6-89C0-FD473A8696A8}.Release|Any CPU.Build.0 = Release|Any CPU
		{9E6ADF6C-0909-4C4F-819C-4AB996DFAF1C}.Debug|Any CPU.ActiveCfg = Debug|Any CPU
		{9E6ADF6C-0909-4C4F-819C-4AB996DFAF1C}.Debug|Any CPU.Build.0 = Debug|Any CPU
		{9E6ADF6C-0909-4C4F-819C-4AB996DFAF1C}.Release|Any CPU.ActiveCfg = Release|Any CPU
		{9E6ADF6C-0909-4C4F-819C-4AB996DFAF1C}.Release|Any CPU.Build.0 = Release|Any CPU
	EndGlobalSection
EndGlobal
