
Microsoft Visual Studio Solution File, Format Version 12.00
Project("{FAE04EC0-301F-11D3-BF4B-00C04F79EFBC}") = "ParseWiki", "ParseWiki\ParseWiki.csproj", "{7286985A-8A18-41C6-89C0-FD473A8696A8}"
EndProject
Project("{FAE04EC0-301F-11D3-BF4B-00C04F79EFBC}") = "ParseWikiTests", "ParseWikiTests\ParseWikiTests.csproj", "{9E6ADF6C-0909-4C4F-819C-4AB996DFAF1C}"
EndProject
Project("{FAE04EC0-301F-11D3-BF4B-00C04F79EFBC}") = "DateLocNLP", "DateLocNLP\DateLocNLP.csproj", "{217200DD-17A3-48B2-96FF-EBEEF4EE0134}"
EndProject
Project("{FAE04EC0-301F-11D3-BF4B-00C04F79EFBC}") = "XmlPrettyPrint", "XmlPrettyPrint\XmlPrettyPrint.csproj", "{B0E13B47-5EFC-4D91-8CB7-980F093C1D95}"
EndProject
Global
	GlobalSection(SolutionConfigurationPlatforms) = preSolution
		Debug|Any CPU = Debug|Any CPU
		Release|Any CPU = Release|Any CPU
	EndGlobalSection
	GlobalSection(ProjectConfigurationPlatforms) = postSolution
		{7286985A-8A18-41C6-89C0-FD473A8696A8}.Debug|Any CPU.ActiveCfg = Debug|Any CPU
		{7286985A-8A18-41C6-89C0-FD473A8696A8}.Debug|Any CPU.Build.0 = Debug|Any CPU
		{7286985A-8A18-41C6-89C0-FD473A8696A8}.Release|Any CPU.ActiveCfg = Release|Any CPU
		{7286985A-8A18-41C6-89C0-FD473A8696A8}.Release|Any CPU.Build.0 = Release|Any CPU
		{9E6ADF6C-0909-4C4F-819C-4AB996DFAF1C}.Debug|Any CPU.ActiveCfg = Debug|Any CPU
		{9E6ADF6C-0909-4C4F-819C-4AB996DFAF1C}.Debug|Any CPU.Build.0 = Debug|Any CPU
		{9E6ADF6C-0909-4C4F-819C-4AB996DFAF1C}.Release|Any CPU.ActiveCfg = Release|Any CPU
		{9E6ADF6C-0909-4C4F-819C-4AB996DFAF1C}.Release|Any CPU.Build.0 = Release|Any CPU
		{217200DD-17A3-48B2-96FF-EBEEF4EE0134}.Debug|Any CPU.ActiveCfg = Debug|Any CPU
		{217200DD-17A3-48B2-96FF-EBEEF4EE0134}.Debug|Any CPU.Build.0 = Debug|Any CPU
		{217200DD-17A3-48B2-96FF-EBEEF4EE0134}.Release|Any CPU.ActiveCfg = Release|Any CPU
		{217200DD-17A3-48B2-96FF-EBEEF4EE0134}.Release|Any CPU.Build.0 = Release|Any CPU
		{B0E13B47-5EFC-4D91-8CB7-980F093C1D95}.Debug|Any CPU.ActiveCfg = Debug|Any CPU
		{B0E13B47-5EFC-4D91-8CB7-980F093C1D95}.Debug|Any CPU.Build.0 = Debug|Any CPU
		{B0E13B47-5EFC-4D91-8CB7-980F093C1D95}.Release|Any CPU.ActiveCfg = Release|Any CPU
		{B0E13B47-5EFC-4D91-8CB7-980F093C1D95}.Release|Any CPU.Build.0 = Release|Any CPU
	EndGlobalSection
EndGlobal
